
Microsoft Visual Studio Solution File, Format Version 12.00
# Visual Studio Version 17
VisualStudioVersion = 17.8.34316.72
MinimumVisualStudioVersion = 10.0.40219.1
Project("{FAE04EC0-301F-11D3-BF4B-00C04F79EFBC}") = "LanguageProConnect", "LanguageProConnect\LanguageProConnect.csproj", "{284747A6-61A9-4731-A43E-0C57C6A74D0D}"
EndProject
Global
	GlobalSection(SolutionConfigurationPlatforms) = preSolution
		Debug|Any CPU = Debug|Any CPU
		Release|Any CPU = Release|Any CPU
	EndGlobalSection
	GlobalSection(ProjectConfigurationPlatforms) = postSolution
		{284747A6-61A9-4731-A43E-0C57C6A74D0D}.Debug|Any CPU.ActiveCfg = Debug|Any CPU
		{284747A6-61A9-4731-A43E-0C57C6A74D0D}.Debug|Any CPU.Build.0 = Debug|Any CPU
		{284747A6-61A9-4731-A43E-0C57C6A74D0D}.Release|Any CPU.ActiveCfg = Release|Any CPU
		{284747A6-61A9-4731-A43E-0C57C6A74D0D}.Release|Any CPU.Build.0 = Release|Any CPU
	EndGlobalSection
	GlobalSection(SolutionProperties) = preSolution
		HideSolutionNode = FALSE
	EndGlobalSection
	GlobalSection(ExtensibilityGlobals) = postSolution
		SolutionGuid = {ED5B415D-37E2-4F48-B642-E7CBD590896C}
	EndGlobalSection
EndGlobal
